
Microsoft Visual Studio Solution File, Format Version 12.00
# Visual Studio Version 17
VisualStudioVersion = 17.4.33205.214
MinimumVisualStudioVersion = 10.0.40219.1
Project("{FAE04EC0-301F-11D3-BF4B-00C04F79EFBC}") = "ReadingRoom", "ReadingRoom\ReadingRoom.csproj", "{1172825F-D290-4E42-819A-D080D80A1B6D}"
EndProject
Global
	GlobalSection(SolutionConfigurationPlatforms) = preSolution
		Debug|Any CPU = Debug|Any CPU
		Release|Any CPU = Release|Any CPU
	EndGlobalSection
	GlobalSection(ProjectConfigurationPlatforms) = postSolution
		{1172825F-D290-4E42-819A-D080D80A1B6D}.Debug|Any CPU.ActiveCfg = Debug|Any CPU
		{1172825F-D290-4E42-819A-D080D80A1B6D}.Debug|Any CPU.Build.0 = Debug|Any CPU
		{1172825F-D290-4E42-819A-D080D80A1B6D}.Release|Any CPU.ActiveCfg = Release|Any CPU
		{1172825F-D290-4E42-819A-D080D80A1B6D}.Release|Any CPU.Build.0 = Release|Any CPU
	EndGlobalSection
	GlobalSection(SolutionProperties) = preSolution
		HideSolutionNode = FALSE
	EndGlobalSection
	GlobalSection(ExtensibilityGlobals) = postSolution
		SolutionGuid = {B9EA23EB-1A6E-4EDF-BCB8-B99BF07D8AEF}
	EndGlobalSection
EndGlobal
